
Microsoft Visual Studio Solution File, Format Version 12.00
# Visual Studio Version 17
VisualStudioVersion = 17.14.36310.24
MinimumVisualStudioVersion = 10.0.40219.1
Project("{FAE04EC0-301F-11D3-BF4B-00C04F79EFBC}") = "CmdScale.EntityFrameworkCore.TimescaleDB", "CmdScale.EntityFrameworkCore.TimescaleDB\CmdScale.EntityFrameworkCore.TimescaleDB.csproj", "{8B5F3AE1-FBB7-42E0-B2A2-BB7CC556AC01}"
EndProject
Project("{FAE04EC0-301F-11D3-BF4B-00C04F79EFBC}") = "CmdScale.EntityFrameworkCore.TimescaleDB.Example", "CmdScale.EntityFrameworkCore.TimescaleDB.Example\CmdScale.EntityFrameworkCore.TimescaleDB.Example.csproj", "{509C335A-68D6-4D1E-AF38-C66893C3CC0C}"
EndProject
Project("{FAE04EC0-301F-11D3-BF4B-00C04F79EFBC}") = "CmdScale.EntityFrameworkCore.TimescaleDB.Design", "CmdScale.EntityFrameworkCore.TimescaleDB.Design\CmdScale.EntityFrameworkCore.TimescaleDB.Design.csproj", "{79CCB4EE-55C5-419B-AA8E-539D3EEAA20A}"
EndProject
Project("{FAE04EC0-301F-11D3-BF4B-00C04F79EFBC}") = "CmdScale.EntityFrameworkCore.TimescaleDB.Example.DataAccess", "CmdScale.EntityFrameworkCore.TimescaleDB.Example.DataAccess\CmdScale.EntityFrameworkCore.TimescaleDB.Example.DataAccess.csproj", "{0BF9572D-57EC-4478-9642-570740F27C19}"
EndProject
Project("{2150E333-8FDC-42A3-9474-1A3956D46DE8}") = "Solution Items", "Solution Items", "{8EC462FD-D22E-90A8-E5CE-7E832BA40C5D}"
	ProjectSection(SolutionItems) = preProject
		.gitignore = .gitignore
		docker-compose.yml = docker-compose.yml
		Publish-Local.ps1 = Publish-Local.ps1
		README.md = README.md
		Switch-References.ps1 = Switch-References.ps1
	EndProjectSection
EndProject
Project("{FAE04EC0-301F-11D3-BF4B-00C04F79EFBC}") = "CmdScale.EntityFrameworkCore.TimescaleDB.Example.DataAccess.DbFirst", "CmdScale.EntityFrameworkCore.TimescaleDB.Example.DataAccess.DbFirst\CmdScale.EntityFrameworkCore.TimescaleDB.Example.DataAccess.DbFirst.csproj", "{C3736EC1-6435-423C-9916-E2DC7954DD7E}"
EndProject
Project("{FAE04EC0-301F-11D3-BF4B-00C04F79EFBC}") = "CmdScale.EntityFrameworkCore.TimescaleDB.Benchmarks", "CmdScale.EntityFrameworkCore.TimescaleDB.Benchmarks\CmdScale.EntityFrameworkCore.TimescaleDB.Benchmarks.csproj", "{8A079262-111E-4654-99E2-B8652026B574}"
EndProject
Global
	GlobalSection(SolutionConfigurationPlatforms) = preSolution
		Debug|Any CPU = Debug|Any CPU
		Release|Any CPU = Release|Any CPU
	EndGlobalSection
	GlobalSection(ProjectConfigurationPlatforms) = postSolution
		{8B5F3AE1-FBB7-42E0-B2A2-BB7CC556AC01}.Debug|Any CPU.ActiveCfg = Debug|Any CPU
		{8B5F3AE1-FBB7-42E0-B2A2-BB7CC556AC01}.Debug|Any CPU.Build.0 = Debug|Any CPU
		{8B5F3AE1-FBB7-42E0-B2A2-BB7CC556AC01}.Release|Any CPU.ActiveCfg = Release|Any CPU
		{8B5F3AE1-FBB7-42E0-B2A2-BB7CC556AC01}.Release|Any CPU.Build.0 = Release|Any CPU
		{509C335A-68D6-4D1E-AF38-C66893C3CC0C}.Debug|Any CPU.ActiveCfg = Debug|Any CPU
		{509C335A-68D6-4D1E-AF38-C66893C3CC0C}.Debug|Any CPU.Build.0 = Debug|Any CPU
		{509C335A-68D6-4D1E-AF38-C66893C3CC0C}.Release|Any CPU.ActiveCfg = Release|Any CPU
		{509C335A-68D6-4D1E-AF38-C66893C3CC0C}.Release|Any CPU.Build.0 = Release|Any CPU
		{79CCB4EE-55C5-419B-AA8E-539D3EEAA20A}.Debug|Any CPU.ActiveCfg = Debug|Any CPU
		{79CCB4EE-55C5-419B-AA8E-539D3EEAA20A}.Debug|Any CPU.Build.0 = Debug|Any CPU
		{79CCB4EE-55C5-419B-AA8E-539D3EEAA20A}.Release|Any CPU.ActiveCfg = Release|Any CPU
		{79CCB4EE-55C5-419B-AA8E-539D3EEAA20A}.Release|Any CPU.Build.0 = Release|Any CPU
		{0BF9572D-57EC-4478-9642-570740F27C19}.Debug|Any CPU.ActiveCfg = Debug|Any CPU
		{0BF9572D-57EC-4478-9642-570740F27C19}.Debug|Any CPU.Build.0 = Debug|Any CPU
		{0BF9572D-57EC-4478-9642-570740F27C19}.Release|Any CPU.ActiveCfg = Release|Any CPU
		{0BF9572D-57EC-4478-9642-570740F27C19}.Release|Any CPU.Build.0 = Release|Any CPU
		{C3736EC1-6435-423C-9916-E2DC7954DD7E}.Debug|Any CPU.ActiveCfg = Debug|Any CPU
		{C3736EC1-6435-423C-9916-E2DC7954DD7E}.Debug|Any CPU.Build.0 = Debug|Any CPU
		{C3736EC1-6435-423C-9916-E2DC7954DD7E}.Release|Any CPU.ActiveCfg = Release|Any CPU
		{C3736EC1-6435-423C-9916-E2DC7954DD7E}.Release|Any CPU.Build.0 = Release|Any CPU
		{8A079262-111E-4654-99E2-B8652026B574}.Debug|Any CPU.ActiveCfg = Debug|Any CPU
		{8A079262-111E-4654-99E2-B8652026B574}.Debug|Any CPU.Build.0 = Debug|Any CPU
		{8A079262-111E-4654-99E2-B8652026B574}.Release|Any CPU.ActiveCfg = Release|Any CPU
		{8A079262-111E-4654-99E2-B8652026B574}.Release|Any CPU.Build.0 = Release|Any CPU
	EndGlobalSection
	GlobalSection(SolutionProperties) = preSolution
		HideSolutionNode = FALSE
	EndGlobalSection
	GlobalSection(ExtensibilityGlobals) = postSolution
		SolutionGuid = {5CCFF438-FD53-473A-96B6-4D69BA8E7166}
	EndGlobalSection
EndGlobal
