
Microsoft Visual Studio Solution File, Format Version 12.00
# Visual Studio Version 18
VisualStudioVersion = 18.0.11217.181
MinimumVisualStudioVersion = 10.0.40219.1
Project("{2150E333-8FDC-42A3-9474-1A3956D46DE8}") = "Solution Items", "Solution Items", "{8EC462FD-D22E-90A8-E5CE-7E832BA40C5D}"
	ProjectSection(SolutionItems) = preProject
		.editorconfig = .editorconfig
		.gitignore = .gitignore
		CODE_OF_CONDUCT.md = CODE_OF_CONDUCT.md
		docker-compose.yml = docker-compose.yml
		scripts\Publish-Local.ps1 = scripts\Publish-Local.ps1
		README.md = README.md
		scripts\Switch-References.ps1 = scripts\Switch-References.ps1
	EndProjectSection
EndProject
Project("{2150E333-8FDC-42A3-9474-1A3956D46DE8}") = "src", "src", "{827E0CD3-B72D-47B6-A68D-7590B98EB39B}"
EndProject
Project("{FAE04EC0-301F-11D3-BF4B-00C04F79EFBC}") = "Eftdb", "src\Eftdb\Eftdb.csproj", "{ED435223-3B91-48F5-A95D-3A6872C2261A}"
EndProject
Project("{FAE04EC0-301F-11D3-BF4B-00C04F79EFBC}") = "Eftdb.Design", "src\Eftdb.Design\Eftdb.Design.csproj", "{2867BABC-57FB-4991-976D-A63E4081729F}"
EndProject
Project("{2150E333-8FDC-42A3-9474-1A3956D46DE8}") = "tests", "tests", "{0AB3BF05-4346-4AA6-1389-037BE0695223}"
EndProject
Project("{FAE04EC0-301F-11D3-BF4B-00C04F79EFBC}") = "Eftdb.FunctionalTests", "tests\Eftdb.FunctionalTests\Eftdb.FunctionalTests.csproj", "{037A11F6-9282-4C35-8C2B-103EAF0CF252}"
EndProject
Project("{FAE04EC0-301F-11D3-BF4B-00C04F79EFBC}") = "Eftdb.Tests", "tests\Eftdb.Tests\Eftdb.Tests.csproj", "{F9F2A125-6E92-43D2-A758-2FE42204C5F3}"
EndProject
Project("{2150E333-8FDC-42A3-9474-1A3956D46DE8}") = "benchmarks", "benchmarks", "{66320409-64EC-F7C5-3DEF-65E7510DAAD1}"
EndProject
Project("{FAE04EC0-301F-11D3-BF4B-00C04F79EFBC}") = "Eftdb.Benchmarks", "benchmarks\Eftdb.Benchmarks\Eftdb.Benchmarks.csproj", "{628990C5-E3EA-43E9-83FB-823D75F56B97}"
EndProject
Project("{2150E333-8FDC-42A3-9474-1A3956D46DE8}") = "samples", "samples", "{5D20AA90-6969-D8BD-9DCD-8634F4692FDA}"
EndProject
Project("{2150E333-8FDC-42A3-9474-1A3956D46DE8}") = "Eftdb.Samples.Shared", "Eftdb.Samples.Shared", "{F9A9B01F-A937-93A0-BB0A-BFAACAD99065}"
EndProject
Project("{FAE04EC0-301F-11D3-BF4B-00C04F79EFBC}") = "Eftdb.Samples.Shared", "samples\Eftdb.Samples.Shared\Eftdb.Samples.Shared.csproj", "{1BF9E30E-D1D6-469D-8A44-539A0C21C39C}"
EndProject
Project("{2150E333-8FDC-42A3-9474-1A3956D46DE8}") = "Eftdb.Samples.CodeFirst", "Eftdb.Samples.CodeFirst", "{EA8E3935-33B2-4D96-A294-5488AE39A401}"
EndProject
Project("{FAE04EC0-301F-11D3-BF4B-00C04F79EFBC}") = "Eftdb.Samples.CodeFirst", "samples\Eftdb.Samples.CodeFirst\Eftdb.Samples.CodeFirst.csproj", "{0AE92D9A-B5B8-44CC-AD65-F4256CCAB15A}"
EndProject
Project("{2150E333-8FDC-42A3-9474-1A3956D46DE8}") = "Eftdb.Samples.DatabaseFirst", "Eftdb.Samples.DatabaseFirst", "{90DFE874-FC84-218F-EDC2-090609ACD664}"
EndProject
Project("{FAE04EC0-301F-11D3-BF4B-00C04F79EFBC}") = "Eftdb.Samples.DatabaseFirst", "samples\Eftdb.Samples.DatabaseFirst\Eftdb.Samples.DatabaseFirst.csproj", "{2FBA55BC-14C9-4137-B7D9-65920624C4FD}"
EndProject
Project("{2150E333-8FDC-42A3-9474-1A3956D46DE8}") = "docs", "docs", "{DD66FBE1-746C-4022-8D68-20DF5E65C902}"
	ProjectSection(SolutionItems) = preProject
		docs\00-getting-started.md = docs\00-getting-started.md
		docs\01-dotnet-tools.md = docs\01-dotnet-tools.md
	EndProjectSection
EndProject
Project("{2150E333-8FDC-42A3-9474-1A3956D46DE8}") = "data-annotations", "data-annotations", "{97EBA3D4-DBB9-4564-B45B-D6ECF3A077DF}"
	ProjectSection(SolutionItems) = preProject
		docs\data-annotations\continuous-aggregates.md = docs\data-annotations\continuous-aggregates.md
		docs\data-annotations\hypertable.md = docs\data-annotations\hypertable.md
		docs\data-annotations\reorder-policies.md = docs\data-annotations\reorder-policies.md
	EndProjectSection
EndProject
Project("{2150E333-8FDC-42A3-9474-1A3956D46DE8}") = "fluent-api", "fluent-api", "{4FA5831A-43BD-41BD-9893-0617902290BD}"
	ProjectSection(SolutionItems) = preProject
		docs\fluent-api\continuous-aggregates.md = docs\fluent-api\continuous-aggregates.md
		docs\fluent-api\hypertable.md = docs\fluent-api\hypertable.md
		docs\fluent-api\reorder-policies.md = docs\fluent-api\reorder-policies.md
	EndProjectSection
EndProject
Project("{2150E333-8FDC-42A3-9474-1A3956D46DE8}") = "release-notes", "release-notes", "{84C9CCAD-8CA8-47E7-9473-92C5B4578818}"
	ProjectSection(SolutionItems) = preProject
		docs\release-notes\v0.1.5.md = docs\release-notes\v0.1.5.md
		docs\release-notes\v0.2.0.md = docs\release-notes\v0.2.0.md
		docs\release-notes\v0.2.1.md = docs\release-notes\v0.2.1.md
		docs\release-notes\v0.2.2.md = docs\release-notes\v0.2.2.md
		docs\release-notes\v0.2.3.md = docs\release-notes\v0.2.3.md
		docs\release-notes\v0.2.4.md = docs\release-notes\v0.2.4.md
		docs\release-notes\v0.3.0.md = docs\release-notes\v0.3.0.md
		docs\release-notes\v0.3.1.md = docs\release-notes\v0.3.1.md
		docs\release-notes\v0.3.2.md = docs\release-notes\v0.3.2.md
		docs\release-notes\v0.3.3.md = docs\release-notes\v0.3.3.md
		docs\release-notes\v10.0.1.md = docs\release-notes\v10.0.1.md
	EndProjectSection
EndProject
Global
	GlobalSection(SolutionConfigurationPlatforms) = preSolution
		Debug|Any CPU = Debug|Any CPU
		Debug|x64 = Debug|x64
		Debug|x86 = Debug|x86
		Release|Any CPU = Release|Any CPU
		Release|x64 = Release|x64
		Release|x86 = Release|x86
	EndGlobalSection
	GlobalSection(ProjectConfigurationPlatforms) = postSolution
		{ED435223-3B91-48F5-A95D-3A6872C2261A}.Debug|Any CPU.ActiveCfg = Debug|Any CPU
		{ED435223-3B91-48F5-A95D-3A6872C2261A}.Debug|Any CPU.Build.0 = Debug|Any CPU
		{ED435223-3B91-48F5-A95D-3A6872C2261A}.Debug|x64.ActiveCfg = Debug|Any CPU
		{ED435223-3B91-48F5-A95D-3A6872C2261A}.Debug|x64.Build.0 = Debug|Any CPU
		{ED435223-3B91-48F5-A95D-3A6872C2261A}.Debug|x86.ActiveCfg = Debug|Any CPU
		{ED435223-3B91-48F5-A95D-3A6872C2261A}.Debug|x86.Build.0 = Debug|Any CPU
		{ED435223-3B91-48F5-A95D-3A6872C2261A}.Release|Any CPU.ActiveCfg = Release|Any CPU
		{ED435223-3B91-48F5-A95D-3A6872C2261A}.Release|Any CPU.Build.0 = Release|Any CPU
		{ED435223-3B91-48F5-A95D-3A6872C2261A}.Release|x64.ActiveCfg = Release|Any CPU
		{ED435223-3B91-48F5-A95D-3A6872C2261A}.Release|x64.Build.0 = Release|Any CPU
		{ED435223-3B91-48F5-A95D-3A6872C2261A}.Release|x86.ActiveCfg = Release|Any CPU
		{ED435223-3B91-48F5-A95D-3A6872C2261A}.Release|x86.Build.0 = Release|Any CPU
		{2867BABC-57FB-4991-976D-A63E4081729F}.Debug|Any CPU.ActiveCfg = Debug|Any CPU
		{2867BABC-57FB-4991-976D-A63E4081729F}.Debug|Any CPU.Build.0 = Debug|Any CPU
		{2867BABC-57FB-4991-976D-A63E4081729F}.Debug|x64.ActiveCfg = Debug|Any CPU
		{2867BABC-57FB-4991-976D-A63E4081729F}.Debug|x64.Build.0 = Debug|Any CPU
		{2867BABC-57FB-4991-976D-A63E4081729F}.Debug|x86.ActiveCfg = Debug|Any CPU
		{2867BABC-57FB-4991-976D-A63E4081729F}.Debug|x86.Build.0 = Debug|Any CPU
		{2867BABC-57FB-4991-976D-A63E4081729F}.Release|Any CPU.ActiveCfg = Release|Any CPU
		{2867BABC-57FB-4991-976D-A63E4081729F}.Release|Any CPU.Build.0 = Release|Any CPU
		{2867BABC-57FB-4991-976D-A63E4081729F}.Release|x64.ActiveCfg = Release|Any CPU
		{2867BABC-57FB-4991-976D-A63E4081729F}.Release|x64.Build.0 = Release|Any CPU
		{2867BABC-57FB-4991-976D-A63E4081729F}.Release|x86.ActiveCfg = Release|Any CPU
		{2867BABC-57FB-4991-976D-A63E4081729F}.Release|x86.Build.0 = Release|Any CPU
		{037A11F6-9282-4C35-8C2B-103EAF0CF252}.Debug|Any CPU.ActiveCfg = Debug|Any CPU
		{037A11F6-9282-4C35-8C2B-103EAF0CF252}.Debug|Any CPU.Build.0 = Debug|Any CPU
		{037A11F6-9282-4C35-8C2B-103EAF0CF252}.Debug|x64.ActiveCfg = Debug|Any CPU
		{037A11F6-9282-4C35-8C2B-103EAF0CF252}.Debug|x64.Build.0 = Debug|Any CPU
		{037A11F6-9282-4C35-8C2B-103EAF0CF252}.Debug|x86.ActiveCfg = Debug|Any CPU
		{037A11F6-9282-4C35-8C2B-103EAF0CF252}.Debug|x86.Build.0 = Debug|Any CPU
		{037A11F6-9282-4C35-8C2B-103EAF0CF252}.Release|Any CPU.ActiveCfg = Release|Any CPU
		{037A11F6-9282-4C35-8C2B-103EAF0CF252}.Release|Any CPU.Build.0 = Release|Any CPU
		{037A11F6-9282-4C35-8C2B-103EAF0CF252}.Release|x64.ActiveCfg = Release|Any CPU
		{037A11F6-9282-4C35-8C2B-103EAF0CF252}.Release|x64.Build.0 = Release|Any CPU
		{037A11F6-9282-4C35-8C2B-103EAF0CF252}.Release|x86.ActiveCfg = Release|Any CPU
		{037A11F6-9282-4C35-8C2B-103EAF0CF252}.Release|x86.Build.0 = Release|Any CPU
		{F9F2A125-6E92-43D2-A758-2FE42204C5F3}.Debug|Any CPU.ActiveCfg = Debug|Any CPU
		{F9F2A125-6E92-43D2-A758-2FE42204C5F3}.Debug|Any CPU.Build.0 = Debug|Any CPU
		{F9F2A125-6E92-43D2-A758-2FE42204C5F3}.Debug|x64.ActiveCfg = Debug|Any CPU
		{F9F2A125-6E92-43D2-A758-2FE42204C5F3}.Debug|x64.Build.0 = Debug|Any CPU
		{F9F2A125-6E92-43D2-A758-2FE42204C5F3}.Debug|x86.ActiveCfg = Debug|Any CPU
		{F9F2A125-6E92-43D2-A758-2FE42204C5F3}.Debug|x86.Build.0 = Debug|Any CPU
		{F9F2A125-6E92-43D2-A758-2FE42204C5F3}.Release|Any CPU.ActiveCfg = Release|Any CPU
		{F9F2A125-6E92-43D2-A758-2FE42204C5F3}.Release|Any CPU.Build.0 = Release|Any CPU
		{F9F2A125-6E92-43D2-A758-2FE42204C5F3}.Release|x64.ActiveCfg = Release|Any CPU
		{F9F2A125-6E92-43D2-A758-2FE42204C5F3}.Release|x64.Build.0 = Release|Any CPU
		{F9F2A125-6E92-43D2-A758-2FE42204C5F3}.Release|x86.ActiveCfg = Release|Any CPU
		{F9F2A125-6E92-43D2-A758-2FE42204C5F3}.Release|x86.Build.0 = Release|Any CPU
		{628990C5-E3EA-43E9-83FB-823D75F56B97}.Debug|Any CPU.ActiveCfg = Debug|Any CPU
		{628990C5-E3EA-43E9-83FB-823D75F56B97}.Debug|Any CPU.Build.0 = Debug|Any CPU
		{628990C5-E3EA-43E9-83FB-823D75F56B97}.Debug|x64.ActiveCfg = Debug|Any CPU
		{628990C5-E3EA-43E9-83FB-823D75F56B97}.Debug|x64.Build.0 = Debug|Any CPU
		{628990C5-E3EA-43E9-83FB-823D75F56B97}.Debug|x86.ActiveCfg = Debug|Any CPU
		{628990C5-E3EA-43E9-83FB-823D75F56B97}.Debug|x86.Build.0 = Debug|Any CPU
		{628990C5-E3EA-43E9-83FB-823D75F56B97}.Release|Any CPU.ActiveCfg = Release|Any CPU
		{628990C5-E3EA-43E9-83FB-823D75F56B97}.Release|Any CPU.Build.0 = Release|Any CPU
		{628990C5-E3EA-43E9-83FB-823D75F56B97}.Release|x64.ActiveCfg = Release|Any CPU
		{628990C5-E3EA-43E9-83FB-823D75F56B97}.Release|x64.Build.0 = Release|Any CPU
		{628990C5-E3EA-43E9-83FB-823D75F56B97}.Release|x86.ActiveCfg = Release|Any CPU
		{628990C5-E3EA-43E9-83FB-823D75F56B97}.Release|x86.Build.0 = Release|Any CPU
		{1BF9E30E-D1D6-469D-8A44-539A0C21C39C}.Debug|Any CPU.ActiveCfg = Debug|Any CPU
		{1BF9E30E-D1D6-469D-8A44-539A0C21C39C}.Debug|Any CPU.Build.0 = Debug|Any CPU
		{1BF9E30E-D1D6-469D-8A44-539A0C21C39C}.Debug|x64.ActiveCfg = Debug|Any CPU
		{1BF9E30E-D1D6-469D-8A44-539A0C21C39C}.Debug|x64.Build.0 = Debug|Any CPU
		{1BF9E30E-D1D6-469D-8A44-539A0C21C39C}.Debug|x86.ActiveCfg = Debug|Any CPU
		{1BF9E30E-D1D6-469D-8A44-539A0C21C39C}.Debug|x86.Build.0 = Debug|Any CPU
		{1BF9E30E-D1D6-469D-8A44-539A0C21C39C}.Release|Any CPU.ActiveCfg = Release|Any CPU
		{1BF9E30E-D1D6-469D-8A44-539A0C21C39C}.Release|Any CPU.Build.0 = Release|Any CPU
		{1BF9E30E-D1D6-469D-8A44-539A0C21C39C}.Release|x64.ActiveCfg = Release|Any CPU
		{1BF9E30E-D1D6-469D-8A44-539A0C21C39C}.Release|x64.Build.0 = Release|Any CPU
		{1BF9E30E-D1D6-469D-8A44-539A0C21C39C}.Release|x86.ActiveCfg = Release|Any CPU
		{1BF9E30E-D1D6-469D-8A44-539A0C21C39C}.Release|x86.Build.0 = Release|Any CPU
		{0AE92D9A-B5B8-44CC-AD65-F4256CCAB15A}.Debug|Any CPU.ActiveCfg = Debug|Any CPU
		{0AE92D9A-B5B8-44CC-AD65-F4256CCAB15A}.Debug|Any CPU.Build.0 = Debug|Any CPU
		{0AE92D9A-B5B8-44CC-AD65-F4256CCAB15A}.Debug|x64.ActiveCfg = Debug|Any CPU
		{0AE92D9A-B5B8-44CC-AD65-F4256CCAB15A}.Debug|x64.Build.0 = Debug|Any CPU
		{0AE92D9A-B5B8-44CC-AD65-F4256CCAB15A}.Debug|x86.ActiveCfg = Debug|Any CPU
		{0AE92D9A-B5B8-44CC-AD65-F4256CCAB15A}.Debug|x86.Build.0 = Debug|Any CPU
		{0AE92D9A-B5B8-44CC-AD65-F4256CCAB15A}.Release|Any CPU.ActiveCfg = Release|Any CPU
		{0AE92D9A-B5B8-44CC-AD65-F4256CCAB15A}.Release|Any CPU.Build.0 = Release|Any CPU
		{0AE92D9A-B5B8-44CC-AD65-F4256CCAB15A}.Release|x64.ActiveCfg = Release|Any CPU
		{0AE92D9A-B5B8-44CC-AD65-F4256CCAB15A}.Release|x64.Build.0 = Release|Any CPU
		{0AE92D9A-B5B8-44CC-AD65-F4256CCAB15A}.Release|x86.ActiveCfg = Release|Any CPU
		{0AE92D9A-B5B8-44CC-AD65-F4256CCAB15A}.Release|x86.Build.0 = Release|Any CPU
		{2FBA55BC-14C9-4137-B7D9-65920624C4FD}.Debug|Any CPU.ActiveCfg = Debug|Any CPU
		{2FBA55BC-14C9-4137-B7D9-65920624C4FD}.Debug|Any CPU.Build.0 = Debug|Any CPU
		{2FBA55BC-14C9-4137-B7D9-65920624C4FD}.Debug|x64.ActiveCfg = Debug|Any CPU
		{2FBA55BC-14C9-4137-B7D9-65920624C4FD}.Debug|x64.Build.0 = Debug|Any CPU
		{2FBA55BC-14C9-4137-B7D9-65920624C4FD}.Debug|x86.ActiveCfg = Debug|Any CPU
		{2FBA55BC-14C9-4137-B7D9-65920624C4FD}.Debug|x86.Build.0 = Debug|Any CPU
		{2FBA55BC-14C9-4137-B7D9-65920624C4FD}.Release|Any CPU.ActiveCfg = Release|Any CPU
		{2FBA55BC-14C9-4137-B7D9-65920624C4FD}.Release|Any CPU.Build.0 = Release|Any CPU
		{2FBA55BC-14C9-4137-B7D9-65920624C4FD}.Release|x64.ActiveCfg = Release|Any CPU
		{2FBA55BC-14C9-4137-B7D9-65920624C4FD}.Release|x64.Build.0 = Release|Any CPU
		{2FBA55BC-14C9-4137-B7D9-65920624C4FD}.Release|x86.ActiveCfg = Release|Any CPU
		{2FBA55BC-14C9-4137-B7D9-65920624C4FD}.Release|x86.Build.0 = Release|Any CPU
	EndGlobalSection
	GlobalSection(SolutionProperties) = preSolution
		HideSolutionNode = FALSE
	EndGlobalSection
	GlobalSection(NestedProjects) = preSolution
		{ED435223-3B91-48F5-A95D-3A6872C2261A} = {827E0CD3-B72D-47B6-A68D-7590B98EB39B}
		{2867BABC-57FB-4991-976D-A63E4081729F} = {827E0CD3-B72D-47B6-A68D-7590B98EB39B}
		{037A11F6-9282-4C35-8C2B-103EAF0CF252} = {0AB3BF05-4346-4AA6-1389-037BE0695223}
		{F9F2A125-6E92-43D2-A758-2FE42204C5F3} = {0AB3BF05-4346-4AA6-1389-037BE0695223}
		{628990C5-E3EA-43E9-83FB-823D75F56B97} = {66320409-64EC-F7C5-3DEF-65E7510DAAD1}
		{F9A9B01F-A937-93A0-BB0A-BFAACAD99065} = {5D20AA90-6969-D8BD-9DCD-8634F4692FDA}
		{1BF9E30E-D1D6-469D-8A44-539A0C21C39C} = {F9A9B01F-A937-93A0-BB0A-BFAACAD99065}
		{EA8E3935-33B2-4D96-A294-5488AE39A401} = {5D20AA90-6969-D8BD-9DCD-8634F4692FDA}
		{0AE92D9A-B5B8-44CC-AD65-F4256CCAB15A} = {EA8E3935-33B2-4D96-A294-5488AE39A401}
		{90DFE874-FC84-218F-EDC2-090609ACD664} = {5D20AA90-6969-D8BD-9DCD-8634F4692FDA}
		{2FBA55BC-14C9-4137-B7D9-65920624C4FD} = {90DFE874-FC84-218F-EDC2-090609ACD664}
		{97EBA3D4-DBB9-4564-B45B-D6ECF3A077DF} = {DD66FBE1-746C-4022-8D68-20DF5E65C902}
		{4FA5831A-43BD-41BD-9893-0617902290BD} = {DD66FBE1-746C-4022-8D68-20DF5E65C902}
		{84C9CCAD-8CA8-47E7-9473-92C5B4578818} = {DD66FBE1-746C-4022-8D68-20DF5E65C902}
	EndGlobalSection
	GlobalSection(ExtensibilityGlobals) = postSolution
		SolutionGuid = {5CCFF438-FD53-473A-96B6-4D69BA8E7166}
	EndGlobalSection
EndGlobal
